
Microsoft Visual Studio Solution File, Format Version 12.00
# Visual Studio Version 17
VisualStudioVersion = 17.5.33516.290
MinimumVisualStudioVersion = 10.0.40219.1
Project("{FAE04EC0-301F-11D3-BF4B-00C04F79EFBC}") = "BlazorProject.Server", "BlazorProject\Server\BlazorProject.Server.csproj", "{F4121B1B-3C96-425D-AA3D-A3D10D921DC7}"
EndProject
Project("{FAE04EC0-301F-11D3-BF4B-00C04F79EFBC}") = "BlazorProject.Client", "BlazorProject\Client\BlazorProject.Client.csproj", "{A155A4BE-F60D-4DB2-AACD-A1F2258762A5}"
EndProject
Project("{FAE04EC0-301F-11D3-BF4B-00C04F79EFBC}") = "BlazorProject.Shared", "BlazorProject\Shared\BlazorProject.Shared.csproj", "{1BDD2AB1-4343-4F5C-9B76-3A021E307810}"
EndProject
Global
	GlobalSection(SolutionConfigurationPlatforms) = preSolution
		Debug|Any CPU = Debug|Any CPU
		Release|Any CPU = Release|Any CPU
	EndGlobalSection
	GlobalSection(ProjectConfigurationPlatforms) = postSolution
		{F4121B1B-3C96-425D-AA3D-A3D10D921DC7}.Debug|Any CPU.ActiveCfg = Debug|Any CPU
		{F4121B1B-3C96-425D-AA3D-A3D10D921DC7}.Debug|Any CPU.Build.0 = Debug|Any CPU
		{F4121B1B-3C96-425D-AA3D-A3D10D921DC7}.Release|Any CPU.ActiveCfg = Release|Any CPU
		{F4121B1B-3C96-425D-AA3D-A3D10D921DC7}.Release|Any CPU.Build.0 = Release|Any CPU
		{A155A4BE-F60D-4DB2-AACD-A1F2258762A5}.Debug|Any CPU.ActiveCfg = Debug|Any CPU
		{A155A4BE-F60D-4DB2-AACD-A1F2258762A5}.Debug|Any CPU.Build.0 = Debug|Any CPU
		{A155A4BE-F60D-4DB2-AACD-A1F2258762A5}.Release|Any CPU.ActiveCfg = Release|Any CPU
		{A155A4BE-F60D-4DB2-AACD-A1F2258762A5}.Release|Any CPU.Build.0 = Release|Any CPU
		{1BDD2AB1-4343-4F5C-9B76-3A021E307810}.Debug|Any CPU.ActiveCfg = Debug|Any CPU
		{1BDD2AB1-4343-4F5C-9B76-3A021E307810}.Debug|Any CPU.Build.0 = Debug|Any CPU
		{1BDD2AB1-4343-4F5C-9B76-3A021E307810}.Release|Any CPU.ActiveCfg = Release|Any CPU
		{1BDD2AB1-4343-4F5C-9B76-3A021E307810}.Release|Any CPU.Build.0 = Release|Any CPU
	EndGlobalSection
	GlobalSection(SolutionProperties) = preSolution
		HideSolutionNode = FALSE
	EndGlobalSection
	GlobalSection(ExtensibilityGlobals) = postSolution
		SolutionGuid = {E5934396-26AB-482F-9767-1F23AAC905E7}
	EndGlobalSection
EndGlobal
