
Microsoft Visual Studio Solution File, Format Version 12.00
# Visual Studio Version 17
VisualStudioVersion = 17.5.33516.290
MinimumVisualStudioVersion = 10.0.40219.1
Project("{9A19103F-16F7-4668-BE54-9A1E7A4F7556}") = "BlazorProject.Server", "BlazorProject\Server\BlazorProject.Server.csproj", "{F4121B1B-3C96-425D-AA3D-A3D10D921DC7}"
EndProject
Project("{9A19103F-16F7-4668-BE54-9A1E7A4F7556}") = "BlazorProject.Client", "BlazorProject\Client\BlazorProject.Client.csproj", "{A155A4BE-F60D-4DB2-AACD-A1F2258762A5}"
EndProject
Project("{9A19103F-16F7-4668-BE54-9A1E7A4F7556}") = "BlazorProject.Shared", "BlazorProject\Shared\BlazorProject.Shared.csproj", "{1BDD2AB1-4343-4F5C-9B76-3A021E307810}"
EndProject
Project("{2150E333-8FDC-42A3-9474-1A3956D46DE8}") = "Server-Presentation", "Server-Presentation", "{3918C830-BE01-4077-ACF0-068F33E0F643}"
EndProject
Project("{2150E333-8FDC-42A3-9474-1A3956D46DE8}") = "Server-Application", "Server-Application", "{929C96BF-DAD2-4C5F-8B5D-44C5C504FCA7}"
EndProject
Project("{2150E333-8FDC-42A3-9474-1A3956D46DE8}") = "Server-Domain", "Server-Domain", "{301B84FA-4C3B-498F-89B5-5421E715E508}"
EndProject
Project("{2150E333-8FDC-42A3-9474-1A3956D46DE8}") = "Server-Data", "Server-Data", "{36033116-0E8C-4C7A-8A8B-D2AE6D21DB29}"
EndProject
Project("{9A19103F-16F7-4668-BE54-9A1E7A4F7556}") = "Application", "Application\Application.csproj", "{DBBDC67E-B2D6-43A4-A2ED-BE98B5D04FAE}"
EndProject
Project("{9A19103F-16F7-4668-BE54-9A1E7A4F7556}") = "Domain", "ClassLibrary1\Domain.csproj", "{232A6F96-A299-48CF-84C0-F1BDC4B577CE}"
EndProject
Project("{2150E333-8FDC-42A3-9474-1A3956D46DE8}") = "Client-Presentation", "Client-Presentation", "{74EA818B-F45E-434D-9A4D-8FCCFC5C7009}"
EndProject
Project("{FAE04EC0-301F-11D3-BF4B-00C04F79EFBC}") = "Data", "Data\Data.csproj", "{30149507-7CF9-47BF-8E0F-8AB7BC81954F}"
EndProject
Global
	GlobalSection(SolutionConfigurationPlatforms) = preSolution
		Debug|Any CPU = Debug|Any CPU
		Release|Any CPU = Release|Any CPU
	EndGlobalSection
	GlobalSection(ProjectConfigurationPlatforms) = postSolution
		{F4121B1B-3C96-425D-AA3D-A3D10D921DC7}.Debug|Any CPU.ActiveCfg = Debug|Any CPU
		{F4121B1B-3C96-425D-AA3D-A3D10D921DC7}.Debug|Any CPU.Build.0 = Debug|Any CPU
		{F4121B1B-3C96-425D-AA3D-A3D10D921DC7}.Release|Any CPU.ActiveCfg = Release|Any CPU
		{F4121B1B-3C96-425D-AA3D-A3D10D921DC7}.Release|Any CPU.Build.0 = Release|Any CPU
		{A155A4BE-F60D-4DB2-AACD-A1F2258762A5}.Debug|Any CPU.ActiveCfg = Debug|Any CPU
		{A155A4BE-F60D-4DB2-AACD-A1F2258762A5}.Debug|Any CPU.Build.0 = Debug|Any CPU
		{A155A4BE-F60D-4DB2-AACD-A1F2258762A5}.Release|Any CPU.ActiveCfg = Release|Any CPU
		{A155A4BE-F60D-4DB2-AACD-A1F2258762A5}.Release|Any CPU.Build.0 = Release|Any CPU
		{1BDD2AB1-4343-4F5C-9B76-3A021E307810}.Debug|Any CPU.ActiveCfg = Debug|Any CPU
		{1BDD2AB1-4343-4F5C-9B76-3A021E307810}.Debug|Any CPU.Build.0 = Debug|Any CPU
		{1BDD2AB1-4343-4F5C-9B76-3A021E307810}.Release|Any CPU.ActiveCfg = Release|Any CPU
		{1BDD2AB1-4343-4F5C-9B76-3A021E307810}.Release|Any CPU.Build.0 = Release|Any CPU
		{DBBDC67E-B2D6-43A4-A2ED-BE98B5D04FAE}.Debug|Any CPU.ActiveCfg = Debug|Any CPU
		{DBBDC67E-B2D6-43A4-A2ED-BE98B5D04FAE}.Debug|Any CPU.Build.0 = Debug|Any CPU
		{DBBDC67E-B2D6-43A4-A2ED-BE98B5D04FAE}.Release|Any CPU.ActiveCfg = Release|Any CPU
		{DBBDC67E-B2D6-43A4-A2ED-BE98B5D04FAE}.Release|Any CPU.Build.0 = Release|Any CPU
		{232A6F96-A299-48CF-84C0-F1BDC4B577CE}.Debug|Any CPU.ActiveCfg = Debug|Any CPU
		{232A6F96-A299-48CF-84C0-F1BDC4B577CE}.Debug|Any CPU.Build.0 = Debug|Any CPU
		{232A6F96-A299-48CF-84C0-F1BDC4B577CE}.Release|Any CPU.ActiveCfg = Release|Any CPU
		{232A6F96-A299-48CF-84C0-F1BDC4B577CE}.Release|Any CPU.Build.0 = Release|Any CPU
		{30149507-7CF9-47BF-8E0F-8AB7BC81954F}.Debug|Any CPU.ActiveCfg = Debug|Any CPU
		{30149507-7CF9-47BF-8E0F-8AB7BC81954F}.Debug|Any CPU.Build.0 = Debug|Any CPU
		{30149507-7CF9-47BF-8E0F-8AB7BC81954F}.Release|Any CPU.ActiveCfg = Release|Any CPU
		{30149507-7CF9-47BF-8E0F-8AB7BC81954F}.Release|Any CPU.Build.0 = Release|Any CPU
	EndGlobalSection
	GlobalSection(SolutionProperties) = preSolution
		HideSolutionNode = FALSE
	EndGlobalSection
	GlobalSection(NestedProjects) = preSolution
		{F4121B1B-3C96-425D-AA3D-A3D10D921DC7} = {3918C830-BE01-4077-ACF0-068F33E0F643}
		{A155A4BE-F60D-4DB2-AACD-A1F2258762A5} = {74EA818B-F45E-434D-9A4D-8FCCFC5C7009}
		{DBBDC67E-B2D6-43A4-A2ED-BE98B5D04FAE} = {929C96BF-DAD2-4C5F-8B5D-44C5C504FCA7}
		{232A6F96-A299-48CF-84C0-F1BDC4B577CE} = {301B84FA-4C3B-498F-89B5-5421E715E508}
		{30149507-7CF9-47BF-8E0F-8AB7BC81954F} = {36033116-0E8C-4C7A-8A8B-D2AE6D21DB29}
	EndGlobalSection
	GlobalSection(ExtensibilityGlobals) = postSolution
		SolutionGuid = {E5934396-26AB-482F-9767-1F23AAC905E7}
	EndGlobalSection
EndGlobal
